
Microsoft Visual Studio Solution File, Format Version 12.00
# Visual Studio Version 16
VisualStudioVersion = 16.0.29102.190
MinimumVisualStudioVersion = 10.0.40219.1
Project("{FAE04EC0-301F-11D3-BF4B-00C04F79EFBC}") = "Bulider", "Bulider\Bulider.csproj", "{7FA25D9C-0CA5-4BC8-B2E8-BA36FF60DF20}"
EndProject
Global
	GlobalSection(SolutionConfigurationPlatforms) = preSolution
		Debug|Any CPU = Debug|Any CPU
		Release|Any CPU = Release|Any CPU
	EndGlobalSection
	GlobalSection(ProjectConfigurationPlatforms) = postSolution
		{7FA25D9C-0CA5-4BC8-B2E8-BA36FF60DF20}.Debug|Any CPU.ActiveCfg = Debug|Any CPU
		{7FA25D9C-0CA5-4BC8-B2E8-BA36FF60DF20}.Debug|Any CPU.Build.0 = Debug|Any CPU
		{7FA25D9C-0CA5-4BC8-B2E8-BA36FF60DF20}.Release|Any CPU.ActiveCfg = Release|Any CPU
		{7FA25D9C-0CA5-4BC8-B2E8-BA36FF60DF20}.Release|Any CPU.Build.0 = Release|Any CPU
	EndGlobalSection
	GlobalSection(SolutionProperties) = preSolution
		HideSolutionNode = FALSE
	EndGlobalSection
	GlobalSection(ExtensibilityGlobals) = postSolution
		SolutionGuid = {D683FB30-EAE9-4E83-BB39-47F8F91FFB82}
	EndGlobalSection
EndGlobal
